version = 1
revision = 3
requires-python = ">=3.13"

[[package]]
name = "anyio"
version = "4.14.1"
source = { registry = "https://pypi.org/simple" }
dependencies = [
    { name = "idna" },
]
sdist = { url = "https://files.pythonhosted.org/packages/3b/72/5562aabb8dd7181e8e860622a38bea08d17842b99ecd4c91f84ac95251b0/anyio-4.14.1.tar.gz", hash = "sha256:8d648a3544c1a700e3ff78615cd679e4c5c3f149904287e73687b2596963629e", size = 254831, upload-time = "2026-06-24T20:56:06.017Z" }
wheels = [
    { url = "https://files.pythonhosted.org/packages/b0/7b/90df4a0a816d98d6ea26f559d87836d494a2cf1fcf063be67df50a7bcc30/anyio-4.14.1-py3-none-any.whl", hash = "sha256:4e5533c5b8ff0a24f5d7a176cbe6877129cd183893f66b537f8f227d10527d72", size = 124875, upload-time = "2026-06-24T20:56:04.413Z" },
]

[[package]]
name = "beautifulsoup4"
version = "4.15.0"
source = { registry = "https://pypi.org/simple" }
dependencies = [
    { name = "soupsieve" },
    { name = "typing-extensions" },
]
sdist = { url = "https://files.pythonhosted.org/packages/43/65/318323f98dbee45d42dff61d8f047181bc6f2268a9068cfad035a46be5af/beautifulsoup4-4.15.0.tar.gz", hash = "sha256:288e3ca7d54b06f2ac191970bc275c1939cb46d450b255bf6718b04aa37ab4f7", size = 632571, upload-time = "2026-06-07T16:44:20.453Z" }
wheels = [
    { url = "https://files.pythonhosted.org/packages/88/c6/92fcd42f1ba33e1184263f25bfabf3d27c383410470f169e4b8163bf9c17/beautifulsoup4-4.15.0-py3-none-any.whl", hash = "sha256:d6f88de62e1d4e38ecb1077eb9724cd0eff29d2a08ca16a401e9b9e93f117cf9", size = 109924, upload-time = "2026-06-07T16:44:21.566Z" },
]

[[package]]
name = "certifi"
version = "2026.6.17"
source = { registry = "https://pypi.org/simple" }
sdist = { url = "https://files.pythonhosted.org/packages/c9/c7/424b75da314c1045981bd9777432fad05a9e0c69daa4ed7e308bbaffe405/certifi-2026.6.17.tar.gz", hash = "sha256:024c88eeec92ca068db80f02b8b07c9cef7b9fe261d1d535abfd5abd6f6af432", size = 134594, upload-time = "2026-06-17T10:31:07.894Z" }
wheels = [
    { url = "https://files.pythonhosted.org/packages/ef/2f/c5464532e965badff2f4c4c1a3a83f5697f0d7c407ed0cda44aaa99bb451/certifi-2026.6.17-py3-none-any.whl", hash = "sha256:2227dcbaafe0d2f59279d1762ddddc37783ed4354594f194ffc31d20f41fc3db", size = 133289, upload-time = "2026-06-17T10:31:06.348Z" },
]

[[package]]
name = "h11"
version = "0.16.0"
source = { registry = "https://pypi.org/simple" }
sdist = { url = "https://files.pythonhosted.org/packages/01/ee/02a2c011bdab74c6fb3c75474d40b3052059d95df7e73351460c8588d963/h11-0.16.0.tar.gz", hash = "sha256:4e35b956cf45792e4caa5885e69fba00bdbc6ffafbfa020300e549b208ee5ff1", size = 101250, upload-time = "2025-04-24T03:35:25.427Z" }
wheels = [
    { url = "https://files.pythonhosted.org/packages/04/4b/29cac41a4d98d144bf5f6d33995617b185d14b22401f75ca86f384e87ff1/h11-0.16.0-py3-none-any.whl", hash = "sha256:63cf8bbe7522de3bf65932fda1d9c2772064ffb3dae62d55932da54b31cb6c86", size = 37515, upload-time = "2025-04-24T03:35:24.344Z" },
]

[[package]]
name = "httpcore"
version = "1.0.9"
source = { registry = "https://pypi.org/simple" }
dependencies = [
    { name = "certifi" },
    { name = "h11" },
]
sdist = { url = "https://files.pythonhosted.org/packages/06/94/82699a10bca87a5556c9c59b5963f2d039dbd239f25bc2a63907a05a14cb/httpcore-1.0.9.tar.gz", hash = "sha256:6e34463af53fd2ab5d807f399a9b45ea31c3dfa2276f15a2c3f00afff6e176e8", size = 85484, upload-time = "2025-04-24T22:06:22.219Z" }
wheels = [
    { url = "https://files.pythonhosted.org/packages/7e/f5/f66802a942d491edb555dd61e3a9961140fd64c90bce1eafd741609d334d/httpcore-1.0.9-py3-none-any.whl", hash = "sha256:2d400746a40668fc9dec9810239072b40b4484b640a8c38fd654a024c7a1bf55", size = 78784, upload-time = "2025-04-24T22:06:20.566Z" },
]

[[package]]
name = "httpx"
version = "0.28.1"
source = { registry = "https://pypi.org/simple" }
dependencies = [
    { name = "anyio" },
    { name = "certifi" },
    { name = "httpcore" },
    { name = "idna" },
]
sdist = { url = "https://files.pythonhosted.org/packages/b1/df/48c586a5fe32a0f01324ee087459e112ebb7224f646c0b5023f5e79e9956/httpx-0.28.1.tar.gz", hash = "sha256:75e98c5f16b0f35b567856f597f06ff2270a374470a5c2392242528e3e3e42fc", size = 141406, upload-time = "2024-12-06T15:37:23.222Z" }
wheels = [
    { url = "https://files.pythonhosted.org/packages/2a/39/e50c7c3a983047577ee07d2a9e53faf5a69493943ec3f6a384bdc792deb2/httpx-0.28.1-py3-none-any.whl", hash = "sha256:d909fcccc110f8c7faf814ca82a9a4d816bc5a6dbfea25d6591d6985b8ba59ad", size = 73517, upload-time = "2024-12-06T15:37:21.509Z" },
]

[[package]]
name = "idna"
version = "3.18"
source = { registry = "https://pypi.org/simple" }
sdist = { url = "https://files.pythonhosted.org/packages/cd/63/9496c57188a2ee585e0f1db071d75089a11e98aa86eb99d9d7618fc1edce/idna-3.18.tar.gz", hash = "sha256:ffb385a7e039654cef1ab9ef32c6fafe283c0c0467bba1d9029738ce4a14a848", size = 196711, upload-time = "2026-06-02T14:34:07.794Z" }
wheels = [
    { url = "https://files.pythonhosted.org/packages/1e/5e/d4e9f1a599fb8e573b7b87160658329fbf28d19eac2718f51fc3def3aa5a/idna-3.18-py3-none-any.whl", hash = "sha256:7f952cbe720b688055e3f87de14f5c3e5fdaa8bc3928985c4077ca689de849a2", size = 65455, upload-time = "2026-06-02T14:34:06.319Z" },
]

[[package]]
name = "joblib"
version = "1.5.3"
source = { registry = "https://pypi.org/simple" }
sdist = { url = "https://files.pythonhosted.org/packages/41/f2/d34e8b3a08a9cc79a50b2208a93dce981fe615b64d5a4d4abee421d898df/joblib-1.5.3.tar.gz", hash = "sha256:8561a3269e6801106863fd0d6d84bb737be9e7631e33aaed3fb9ce5953688da3", size = 331603, upload-time = "2025-12-15T08:41:46.427Z" }
wheels = [
    { url = "https://files.pythonhosted.org/packages/7b/91/984aca2ec129e2757d1e4e3c81c3fcda9d0f85b74670a094cc443d9ee949/joblib-1.5.3-py3-none-any.whl", hash = "sha256:5fc3c5039fc5ca8c0276333a188bbd59d6b7ab37fe6632daa76bc7f9ec18e713", size = 309071, upload-time = "2025-12-15T08:41:44.973Z" },
]

[[package]]
name = "narwhals"
version = "2.22.1"
source = { registry = "https://pypi.org/simple" }
sdist = { url = "https://files.pythonhosted.org/packages/62/3c/c4ef2164a71c1a63d7f1ae411c4082c5fa872405106db60a4b7114989ad7/narwhals-2.22.1.tar.gz", hash = "sha256:d62920805a0a43b7ff8b54b0c0d3142d796f8a9301836ada37e573d6a33cbcd9", size = 647493, upload-time = "2026-06-05T12:34:34.051Z" }
wheels = [
    { url = "https://files.pythonhosted.org/packages/48/ca/36339329c4604adbcc99c899b7eb1ce1a555c499b6a6860757dc9bfed36d/narwhals-2.22.1-py3-none-any.whl", hash = "sha256:60567d774edf77db53906f89d9fbd164e66e56d66d388e1e6990f17ac33cfb53", size = 454815, upload-time = "2026-06-05T12:34:32.289Z" },
]

[[package]]
name = "numpy"
version = "2.5.0"
source = { registry = "https://pypi.org/simple" }
sdist = { url = "https://files.pythonhosted.org/packages/e7/05/3d27272d30698dc0ecb7fdfaa41ad70303b444f81722bb99bce1d818638a/numpy-2.5.0.tar.gz", hash = "sha256:5a129578019311b6e56bdd714250f19b518f7dceeeb8d1af5490f4942d3f891c", size = 20652461, upload-time = "2026-06-21T20:57:51.95Z" }
wheels = [
    { url = "https://files.pythonhosted.org/packages/8a/33/07675aaad7f26ea013d5e884d9a0d784b79c6bd7566c333f5a52fa3c610b/numpy-2.5.0-cp313-cp313-macosx_10_13_x86_64.whl", hash = "sha256:520e6b8be0a4b65840ac8090d4f51cef4bed66e2b0894d5a520f099adc24a9b2", size = 16784890, upload-time = "2026-06-21T20:56:40.799Z" },
    { url = "https://files.pythonhosted.org/packages/85/4b/953118a730ee3b35e28645e0eb4cf9beec5bdbb954e1ac2f5fcefba6bbc3/numpy-2.5.0-cp313-cp313-macosx_11_0_arm64.whl", hash = "sha256:146b81cdd3967fdb6beca8ba25f00c58741d8f3cbd797f55af0fbe0bfec3469c", size = 11754584, upload-time = "2026-06-21T20:56:43.094Z" },
    { url = "https://files.pythonhosted.org/packages/44/9b/56dd530c367c74ae17411027cea4135ca57e1e0583bf5594cee18bd83217/numpy-2.5.0-cp313-cp313-macosx_14_0_arm64.whl", hash = "sha256:126b88d95e8ff9b00c9e717aa540469f21d6180162f84c0caec51b16215d49cd", size = 5313904, upload-time = "2026-06-21T20:56:45.503Z" },
    { url = "https://files.pythonhosted.org/packages/ce/b0/bcd672edad27ecca7da1f7bb0ce72cd1706a4f2d79ae94990afc97c13e1c/numpy-2.5.0-cp313-cp313-macosx_14_0_x86_64.whl", hash = "sha256:d4313cef1594c5ce46c31b6e54e918338f63f16ee9322304e8c9114d6d81c8bd", size = 6648504, upload-time = "2026-06-21T20:56:47.567Z" },
    { url = "https://files.pythonhosted.org/packages/80/9e/15cdfcbd30a1544a46c9e487a00df331c4672450216538705a9e51fa6710/numpy-2.5.0-cp313-cp313-manylinux_2_27_aarch64.manylinux_2_28_aarch64.whl", hash = "sha256:750fb097caf26fa878746d9d119f6f9da12dedcbff1eea966c3e3447647c4a9e", size = 15150086, upload-time = "2026-06-21T20:56:49.352Z" },
    { url = "https://files.pythonhosted.org/packages/32/4e/8d7656ccaab3e81e97258b8a9bc5f0c8502513a92fb4ceb0a2cbfebc17bf/numpy-2.5.0-cp313-cp313-manylinux_2_27_x86_64.manylinux_2_28_x86_64.whl", hash = "sha256:3893adc2dc7c0412ba76777db55a049215d99c9aa3113003be8f49f4f1290ab9", size = 16647250, upload-time = "2026-06-21T20:56:51.542Z" },
    { url = "https://files.pythonhosted.org/packages/3c/81/97060281b602ed07f21b12f4ec409eac1f75a2f91fbc829ed8b2becf3ad4/numpy-2.5.0-cp313-cp313-musllinux_1_2_aarch64.whl", hash = "sha256:835e454dd99b238cdc5a3f63bce2371296f5ebc53ca1e0f8e6ddbb6d92a29aab", size = 16512864, upload-time = "2026-06-21T20:56:55.401Z" },
    { url = "https://files.pythonhosted.org/packages/33/ab/4496208146911f8d8ddb54f68a972aafa6c8d44babcb2ea03b0e5cc87c9d/numpy-2.5.0-cp313-cp313-musllinux_1_2_x86_64.whl", hash = "sha256:6f9836778081a0a3c02a6a21493f3e9f5b311f8d2541934f31f05583dc999ea4", size = 18408407, upload-time = "2026-06-21T20:56:57.75Z" },
    { url = "https://files.pythonhosted.org/packages/d4/9f/a4df67c181e4ee8b467aa3332dc2db10fd5c515136831302f3ca48bc0a01/numpy-2.5.0-cp313-cp313-win32.whl", hash = "sha256:0b525be4744b60bb0557ac872d53ef07d085b5f39622bc579c98d3809d05b988", size = 6054431, upload-time = "2026-06-21T20:57:00.016Z" },
    { url = "https://files.pythonhosted.org/packages/30/53/491e1c47c55b62ccc6a63c1c5b8635c73fc2258dddeb9bda27cae4a0ae96/numpy-2.5.0-cp313-cp313-win_amd64.whl", hash = "sha256:44353e2878930039db472b99dc353d749826e4010bd4d2a7f835e94a97a5c748", size = 12414420, upload-time = "2026-06-21T20:57:01.815Z" },
    { url = "https://files.pythonhosted.org/packages/eb/4a/25c2906f541e9d9f4c5769764db732e6627be91a13f4724fa10634d77db4/numpy-2.5.0-cp313-cp313-win_arm64.whl", hash = "sha256:48f54b00711f83a5f796b70c518e8c2b3c5848dda03a54911f23eb68519b9b60", size = 10339533, upload-time = "2026-06-21T20:57:03.961Z" },
    { url = "https://files.pythonhosted.org/packages/86/ad/abc44aaceaf7b17ee1edde2bbb4458da591bc79574cffff50c4bb35f00d1/numpy-2.5.0-cp314-cp314-macosx_10_15_x86_64.whl", hash = "sha256:f27582c55ba4c750b7c58c8faf021d2cd9324a662b466229db8a417b41368af9", size = 16783807, upload-time = "2026-06-21T20:57:06.253Z" },
    { url = "https://files.pythonhosted.org/packages/5d/39/b72e168daf9c00fb20c9fc996d00437ccecdef3102387775d29d7a62576d/numpy-2.5.0-cp314-cp314-macosx_11_0_arm64.whl", hash = "sha256:28e7137057d551e4a83c4ae414e3451f50568409db7569aacc7f9811ee06a446", size = 11765215, upload-time = "2026-06-21T20:57:08.547Z" },
    { url = "https://files.pythonhosted.org/packages/f7/a0/8400a9c0e3625182347593f5e1f57da9a617a534794805c8df5518154ddc/numpy-2.5.0-cp314-cp314-macosx_14_0_arm64.whl", hash = "sha256:e1da54b53e75cd9fcfc23efcc7edab2c6aecf97b6037566d8a0fe804af8ec57c", size = 5324493, upload-time = "2026-06-21T20:57:11.012Z" },
    { url = "https://files.pythonhosted.org/packages/f6/8c/0d104deaa0401c93395a629ec902891618a2eff76d19229139cb5a887bfc/numpy-2.5.0-cp314-cp314-macosx_14_0_x86_64.whl", hash = "sha256:694d8f74e156f7fd01179f1aa8faa2f648ab6ae0f70b6c3fe57a03249aea2303", size = 6645211, upload-time = "2026-06-21T20:57:12.919Z" },
    { url = "https://files.pythonhosted.org/packages/6a/d9/4a4a628c812750363786afc3d33492709a5cd64b215469c16b0f6c7bb811/numpy-2.5.0-cp314-cp314-manylinux_2_27_aarch64.manylinux_2_28_aarch64.whl", hash = "sha256:1a7569a7b53c77716f036bb28cb1c91f166a26ec7d9502cd1e4bdfe502fdec22", size = 15166004, upload-time = "2026-06-21T20:57:14.717Z" },
    { url = "https://files.pythonhosted.org/packages/a0/5e/2a902317d7fc4aa93236e80c932662dadfc459b323d758329e01775125e1/numpy-2.5.0-cp314-cp314-manylinux_2_27_x86_64.manylinux_2_28_x86_64.whl", hash = "sha256:39a0433bd4086ebd462960cf375e19195bb07b53dc1d87dd5fcf47ad78576f03", size = 16650797, upload-time = "2026-06-21T20:57:16.906Z" },
    { url = "https://files.pythonhosted.org/packages/e9/a0/a0090e6329f4ca5992c07847bb579c5259a19953dc57255bb08793142ffb/numpy-2.5.0-cp314-cp314-musllinux_1_2_aarch64.whl", hash = "sha256:929f0c79ac38bcbd7154fe631dc907abfeddbcc5027a896bd1f7767323271e7a", size = 16524647, upload-time = "2026-06-21T20:57:19.165Z" },
    { url = "https://files.pythonhosted.org/packages/5e/7d/6caf27734c42b65837e7461ed0dbbd6b6fc835060c9714ec59d673bb383a/numpy-2.5.0-cp314-cp314-musllinux_1_2_x86_64.whl", hash = "sha256:cc4f247a47bbf070bfd70be53ccdcf47b800af563535e7bbe172322197c30e21", size = 18411841, upload-time = "2026-06-21T20:57:21.638Z" },
    { url = "https://files.pythonhosted.org/packages/13/dc/26edadbd812536769a82c2e9e002234e33feb5da43061d47a044f6d309b7/numpy-2.5.0-cp314-cp314-win32.whl", hash = "sha256:5dc71423499fab3f46f7a7201155ade1669ea101f2f429d332df9e72f8161731", size = 6106361, upload-time = "2026-06-21T20:57:23.844Z" },
    { url = "https://files.pythonhosted.org/packages/f2/9e/4dd1459282229a72d92dece2ae9138e5cac94a72263a7ceb48f37434c925/numpy-2.5.0-cp314-cp314-win_amd64.whl", hash = "sha256:ebb81d9d5443e0309d6c54894c3fbed74ad7da0714352a67b6d773cd189eae73", size = 12551749, upload-time = "2026-06-21T20:57:25.945Z" },
    { url = "https://files.pythonhosted.org/packages/05/a7/6bc6384c080b86c7f6c85c5bc5b540b24f4f679cd144791d99574e90d462/numpy-2.5.0-cp314-cp314-win_arm64.whl", hash = "sha256:3b94d0d0deceebfad3e67ae5c0e5eb87371e8f7a0581cd04a779928c2450cf1e", size = 10617072, upload-time = "2026-06-21T20:57:28.175Z" },
    { url = "https://files.pythonhosted.org/packages/86/6b/4a2b71d66ada5608ae02b63f150dfad520f6940721cb7f029ad270befc0e/numpy-2.5.0-cp314-cp314t-macosx_11_0_arm64.whl", hash = "sha256:22f3d43e362d650bc39db1f17851302874a148ca95ba6981c1dfb5fa6862f35b", size = 11881067, upload-time = "2026-06-21T20:57:30.104Z" },
    { url = "https://files.pythonhosted.org/packages/dc/b2/d365eb40a20efb49d67e9feb90494ed8511282ee1f5fa16006675c65397d/numpy-2.5.0-cp314-cp314t-macosx_14_0_arm64.whl", hash = "sha256:243563efb4cd7528a264567e9fd206c87826457322521d06206a00bfa316c927", size = 5440290, upload-time = "2026-06-21T20:57:32.193Z" },
    { url = "https://files.pythonhosted.org/packages/fa/5e/e9c03188de5f9b767e46a8fe988bcfd3efad066a4a3fda8b9cb11a93f895/numpy-2.5.0-cp314-cp314t-macosx_14_0_x86_64.whl", hash = "sha256:84881d825ca75249b189bbee875fcfe3238aa5c479e6100893cda566e8e86826", size = 6748371, upload-time = "2026-06-21T20:57:33.933Z" },
    { url = "https://files.pythonhosted.org/packages/fd/1d/68c186a38a5027bae2c4ddd5ea681fdaf8b4d30fb7301def6d8ad270390f/numpy-2.5.0-cp314-cp314t-manylinux_2_27_aarch64.manylinux_2_28_aarch64.whl", hash = "sha256:cda12aa4779d42b8771180aba759c96f527d43446d8f380ab59e2b35e8489efd", size = 15214643, upload-time = "2026-06-21T20:57:35.677Z" },
    { url = "https://files.pythonhosted.org/packages/8c/67/73f67b7c7e20635baae9c4c3ead4ae7326a005900297a6110971abd62eb5/numpy-2.5.0-cp314-cp314t-manylinux_2_27_x86_64.manylinux_2_28_x86_64.whl", hash = "sha256:1c0121101093d2bd74981b10f8837d78e794a8ff57834eb27179f49e1ba11ac6", size = 16690128, upload-time = "2026-06-21T20:57:38.159Z" },
    { url = "https://files.pythonhosted.org/packages/eb/05/d4c1fb0c46d02a27d6b2b8b319a78c90937acec8631c1641874670b31e6f/numpy-2.5.0-cp314-cp314t-musllinux_1_2_aarch64.whl", hash = "sha256:d371c92cfa09da00022f501ab67fafaea813d752eb30ac44336d45b1e5b0268a", size = 16577902, upload-time = "2026-06-21T20:57:40.447Z" },
    { url = "https://files.pythonhosted.org/packages/9e/1d/771c797d50fa26e4888989cccf1d50ee51f530d4e455ad2692dcb64fa711/numpy-2.5.0-cp314-cp314t-musllinux_1_2_x86_64.whl", hash = "sha256:9990713e9c38154c6861e7547f1e3fc7a87e75ff09bab24ef1cc81d81c2835e9", size = 18452814, upload-time = "2026-06-21T20:57:42.875Z" },
    { url = "https://files.pythonhosted.org/packages/e8/46/52fc0d2a68d7643f0f149eeea5a5d8ea2a3507056ac8afa83c9212606e8b/numpy-2.5.0-cp314-cp314t-win32.whl", hash = "sha256:edadfbd4794b1086c0d822f81863e8a68fc129d132fd0bb9e31e955d7fbbbdb7", size = 6253168, upload-time = "2026-06-21T20:57:45.101Z" },
    { url = "https://files.pythonhosted.org/packages/2a/be/6c8d1118b5f13b2881dc095d5b345de19c6638b8959c17409b6eff84c8aa/numpy-2.5.0-cp314-cp314t-win_amd64.whl", hash = "sha256:f7e5fa4382967ae6548bd2f174219afb908e294b0d5f625af01166edd5f7d9aa", size = 12736286, upload-time = "2026-06-21T20:57:46.935Z" },
    { url = "https://files.pythonhosted.org/packages/fd/6a/d3a169aaf8536cf228d56a09e04bcb713a2fe4410d4e2105b9419b5a9c89/numpy-2.5.0-cp314-cp314t-win_arm64.whl", hash = "sha256:016623417bb330d719d579daf2d6b9a01ddc52e41a9ed61a47f39fde46dcd865", size = 10686451, upload-time = "2026-06-21T20:57:49.313Z" },
]

[[package]]
name = "scikit-learn"
version = "1.9.0"
source = { registry = "https://pypi.org/simple" }
dependencies = [
    { name = "joblib" },
    { name = "narwhals" },
    { name = "numpy" },
    { name = "scipy" },
    { name = "threadpoolctl" },
]
sdist = { url = "https://files.pythonhosted.org/packages/fa/6f/37092bdb25f712817231799fc5674d8e704066a8a70c1d2d40517e18b4ab/scikit_learn-1.9.0.tar.gz", hash = "sha256:8833266989d3a5110178a9fae30783675460724d0e1efb13b14901d2c660c557", size = 7750767, upload-time = "2026-06-02T11:54:32.706Z" }
wheels = [
    { url = "https://files.pythonhosted.org/packages/3c/01/cf3310626b6d48d3e9be69a1223f9180360b5e6edb045f50fade723ce494/scikit_learn-1.9.0-cp313-cp313-macosx_10_13_x86_64.whl", hash = "sha256:80746d63bd4b6eaca54d36fe5feaf4d28bb38dc6f9470f81c7cad7c40155f119", size = 8705188, upload-time = "2026-06-02T11:53:41.964Z" },
    { url = "https://files.pythonhosted.org/packages/3e/04/5acd7ae280c5f93b6ac5ef6cdec14eef4c8d1cd91d85b3292989c94d96b1/scikit_learn-1.9.0-cp313-cp313-macosx_12_0_arm64.whl", hash = "sha256:5b934c45c252844a91d69fda3a34cff5e7307e1db10d77cb10a3980312c74713", size = 8228299, upload-time = "2026-06-02T11:53:44.817Z" },
    { url = "https://files.pythonhosted.org/packages/0c/39/ffe829a5b8ecb40a518724a997794657fdc354ada5e8fe8e64d998c0bac9/scikit_learn-1.9.0-cp313-cp313-manylinux_2_27_aarch64.manylinux_2_28_aarch64.whl", hash = "sha256:38c3dcb9a1ffb85505ec53d54c7b4aea0cff70050425a7760c2af661ac85df05", size = 8789690, upload-time = "2026-06-02T11:53:47.461Z" },
    { url = "https://files.pythonhosted.org/packages/1f/88/8dab5de10c638c083772a6be83a3d8106ced492f74a928c8693638e5bb50/scikit_learn-1.9.0-cp313-cp313-manylinux_2_27_x86_64.manylinux_2_28_x86_64.whl", hash = "sha256:da76d09304a4706db7cc1e3ebaa3b6b98a67365cc11d2996c4f1e58ba47df714", size = 9087723, upload-time = "2026-06-02T11:53:50.702Z" },
    { url = "https://files.pythonhosted.org/packages/20/3f/7917ca72464038f6240ec70c29f94862d08a34a74291ae4d4ec5eb8186a0/scikit_learn-1.9.0-cp313-cp313-win_amd64.whl", hash = "sha256:5808d98f15c6bf6d9d96d2348c1997392a5888ce7097e664105f930c4bca1277", size = 8184330, upload-time = "2026-06-02T11:53:53.396Z" },
    { url = "https://files.pythonhosted.org/packages/78/c7/15739eb2f61fda3c54639e9942414e5a19ad8a8d1f5a3266afad7cb7df80/scikit_learn-1.9.0-cp313-cp313-win_arm64.whl", hash = "sha256:d77f54c017633791bc0225a43e2f8d03745fdcfe4880268fcc4df15f505dec2e", size = 7840653, upload-time = "2026-06-02T11:53:56.035Z" },
    { url = "https://files.pythonhosted.org/packages/f4/7d/c9a35cf59b20a86fec24d306f1547b78dec194b08d367ce2a3e4854169d9/scikit_learn-1.9.0-cp314-cp314-macosx_10_15_x86_64.whl", hash = "sha256:9656acd4e93f74e0b66c8a36c88830a99252dfa900044d36bc2212ae89a47162", size = 8713289, upload-time = "2026-06-02T11:53:58.788Z" },
    { url = "https://files.pythonhosted.org/packages/3c/a7/552a7821597c632b907f7bfe8f36f9f572777af8ef8a48353041cf8e091a/scikit_learn-1.9.0-cp314-cp314-macosx_12_0_arm64.whl", hash = "sha256:24360002ae845e7866522b0a5bbf690802e7bc388cac8663502e78aa98598aa2", size = 8245141, upload-time = "2026-06-02T11:54:01.694Z" },
    { url = "https://files.pythonhosted.org/packages/7d/79/f4a0c4fe9711154cddabf913471153af79056382ddc612cfe5ee0ff4b72e/scikit_learn-1.9.0-cp314-cp314-manylinux_2_27_aarch64.manylinux_2_28_aarch64.whl", hash = "sha256:5162ad10a418c8a282dde04c9aa06965de3e9a65f33c1440c0ae69bb1a09d913", size = 8847671, upload-time = "2026-06-02T11:54:04.448Z" },
    { url = "https://files.pythonhosted.org/packages/f0/af/4d72d9e475ac83719160c662619e4bf7b95c19507cd582e7d0167a3c3dae/scikit_learn-1.9.0-cp314-cp314-manylinux_2_27_x86_64.manylinux_2_28_x86_64.whl", hash = "sha256:1fea2cc5677ab49d6f5bade978c866da44957b712d92e9635e8b4f723013c3cb", size = 9118104, upload-time = "2026-06-02T11:54:07.205Z" },
    { url = "https://files.pythonhosted.org/packages/a2/d5/6a58eea2cb9abbb9b3f2bb8b2cfb3243d1152d69f442d256c7af71304769/scikit_learn-1.9.0-cp314-cp314-win_amd64.whl", hash = "sha256:64fa347efc1c839c487433e40c5144d38c336e8a2b59c81aa8660373945c2673", size = 8290674, upload-time = "2026-06-02T11:54:10.087Z" },
    { url = "https://files.pythonhosted.org/packages/65/5b/d4c879cf358f1187141cf90ced473f087183489090244f50c124a2ee478b/scikit_learn-1.9.0-cp314-cp314-win_arm64.whl", hash = "sha256:1b944b6db288f6b926e3650026ddafb988929de95d11fc2cc5fa117773c9ba42", size = 7978807, upload-time = "2026-06-02T11:54:12.769Z" },
    { url = "https://files.pythonhosted.org/packages/8a/43/bfae3121ec67ae09150d453c442c7c1cc166e9aefe056e6ab3b7728a5cfc/scikit_learn-1.9.0-cp314-cp314t-macosx_10_15_x86_64.whl", hash = "sha256:4ccacf04ca5f4b492158a5f28afe0ace43f81b2571e4b9a66d34848b46128949", size = 9031941, upload-time = "2026-06-02T11:54:15.436Z" },
    { url = "https://files.pythonhosted.org/packages/75/b0/20a4546eb17f3b25d3c66df15810411c14ed5065bcfab50b53c96fb627b2/scikit_learn-1.9.0-cp314-cp314t-macosx_12_0_arm64.whl", hash = "sha256:ee1a8db2c18c08e34c7412d4b10be1cac214cd4ea7dc9715a6a327eb49a37c96", size = 8613528, upload-time = "2026-06-02T11:54:18.842Z" },
    { url = "https://files.pythonhosted.org/packages/18/3c/e440e039bb82cd19004edaaad00acbde0fb9b461083c3ecf37941c557312/scikit_learn-1.9.0-cp314-cp314t-manylinux_2_27_aarch64.manylinux_2_28_aarch64.whl", hash = "sha256:147e9329ef0e39f75d4cffa02b2aa48d827832684926cd5210d9a2cb5c57246b", size = 8855050, upload-time = "2026-06-02T11:54:21.699Z" },
    { url = "https://files.pythonhosted.org/packages/43/26/b341b8dab5998da6270a3a42c2152c578501354d36f944b5856757035ef8/scikit_learn-1.9.0-cp314-cp314t-manylinux_2_27_x86_64.manylinux_2_28_x86_64.whl", hash = "sha256:5bad8f8b9950321b54c965fdcbac6c6c55e79e16646b49977bcf3668d3870a1a", size = 9097190, upload-time = "2026-06-02T11:54:24.454Z" },
    { url = "https://files.pythonhosted.org/packages/fb/de/b650b4d69b84468cfa2e28a3ff7b8103743029e6446ce1a97fe060ef688c/scikit_learn-1.9.0-cp314-cp314t-win_amd64.whl", hash = "sha256:78fc56eafd4edb9575d2d8950d1dd152061abb573341a1cb7e099fc40f6c6666", size = 8963204, upload-time = "2026-06-02T11:54:27.428Z" },
    { url = "https://files.pythonhosted.org/packages/ee/f3/ff83d76d7418112e5a61326443cdda87be3545dd8d6599c95b2481a4419e/scikit_learn-1.9.0-cp314-cp314t-win_arm64.whl", hash = "sha256:051075bda8b7aab87b1906ab3d4740a1e1224a19d7b3781a576736edc94e76aa", size = 8222661, upload-time = "2026-06-02T11:54:30.192Z" },
]

[[package]]
name = "scipy"
version = "1.18.0"
source = { registry = "https://pypi.org/simple" }
dependencies = [
    { name = "numpy" },
]
sdist = { url = "https://files.pythonhosted.org/packages/a7/25/c2700dfaf6442b4effaa91af24ebce5dc9d31bb4a69706313aae70d72cd0/scipy-1.18.0.tar.gz", hash = "sha256:67b2ad2ad54c72ca6d04975a9b2df8c3638c34ddd5b28738e94fc2b57929d378", size = 30774447, upload-time = "2026-06-19T15:01:43.456Z" }
wheels = [
    { url = "https://files.pythonhosted.org/packages/05/52/9c0136c2de7ae0779b7b366447766cec6d9f0702c56bb8ffeb04c8fd3af4/scipy-1.18.0-cp313-cp313-macosx_10_15_x86_64.whl", hash = "sha256:09143f676d157d9f546d663504ef9c1becb819824f1afc018814176411942446", size = 31036107, upload-time = "2026-06-19T15:00:14.03Z" },
    { url = "https://files.pythonhosted.org/packages/02/73/0291a64843270f4efb86cdcf2ee0f2048631b65ec6b405398b2b4dbf11bf/scipy-1.18.0-cp313-cp313-macosx_12_0_arm64.whl", hash = "sha256:5efe260f69417b97ddae455bfb5a95e8359f7f66ad7fa9522a60feb66f169520", size = 28663303, upload-time = "2026-06-19T15:00:16.819Z" },
    { url = "https://files.pythonhosted.org/packages/d3/0f/10ffa0b697a572f4e0d48b92a88895d366422f019f723e7e14a84c050dac/scipy-1.18.0-cp313-cp313-macosx_14_0_arm64.whl", hash = "sha256:68363b7eaacd8b5dd426df56d782cc156468ac79a127a1b87ca597d6e2e82197", size = 20404960, upload-time = "2026-06-19T15:00:19.635Z" },
    { url = "https://files.pythonhosted.org/packages/7e/d2/e896cea21ba8edd6c81d4c55b1ffcc717e79698dcbebf9641b4cfb4c6622/scipy-1.18.0-cp313-cp313-macosx_14_0_x86_64.whl", hash = "sha256:c5557d8be5da8e41353fcd4d21491fdbab83b062fc579e94dc09a7c8ab4f669b", size = 23034074, upload-time = "2026-06-19T15:00:22.107Z" },
    { url = "https://files.pythonhosted.org/packages/ea/b2/e83ea34279a52c03374477c74006256ec78df65fc877baa4617d6de1d202/scipy-1.18.0-cp313-cp313-manylinux_2_27_aarch64.manylinux_2_28_aarch64.whl", hash = "sha256:0d13bca67c096d89fb95ced0d8921807300fce0275643aef9533cc63a0773468", size = 33942038, upload-time = "2026-06-19T15:00:24.964Z" },
    { url = "https://files.pythonhosted.org/packages/f6/af/e8fe5fb136f51e2b01678b92cb4106d10d8cd68ec147ead2e7cb0ac75398/scipy-1.18.0-cp313-cp313-manylinux_2_27_x86_64.manylinux_2_28_x86_64.whl", hash = "sha256:a46f9273dbd0eb1cefba61c9b8648b4dfe3cbc14a080176f9a73e44b8336dc7f", size = 35266390, upload-time = "2026-06-19T15:00:28.059Z" },
    { url = "https://files.pythonhosted.org/packages/3a/49/2c5cbb907b56695fc67517811d1db234dfd83381a84814ec220aded2794d/scipy-1.18.0-cp313-cp313-musllinux_1_2_aarch64.whl", hash = "sha256:5aba46108853ddfc77906b6557aac839d2b52e900c1d72a1180adaaab58d265f", size = 35551324, upload-time = "2026-06-19T15:00:31.014Z" },
    { url = "https://files.pythonhosted.org/packages/bb/73/eda39f7a2d306ff0ffc574afd13c0bbb6d10a603d9a413998ee269487a80/scipy-1.18.0-cp313-cp313-musllinux_1_2_x86_64.whl", hash = "sha256:b6f758e35f12757b5d95c00bc6de2438e229c2664b7a92e96f205959d9f2dfa4", size = 37404785, upload-time = "2026-06-19T15:00:34.072Z" },
    { url = "https://files.pythonhosted.org/packages/b7/d2/ae881ee28d014f38e0ccbfd974a06a919ba9af34f1f74bf42b5301891d63/scipy-1.18.0-cp313-cp313-win_amd64.whl", hash = "sha256:1afac4a847207c7ff8efd321734a50b06d0280b3b2a2c0fc2f413101747ad7c7", size = 36554943, upload-time = "2026-06-19T15:00:36.903Z" },
    { url = "https://files.pythonhosted.org/packages/70/3a/21154e2d54eb3639c6bf4dbae2e531c68356bfe95990daa30df33b30d556/scipy-1.18.0-cp313-cp313-win_arm64.whl", hash = "sha256:c5dbddf60e58c2312316d097271a8e73d40eaf2eabfa4d95ed7d3695bbf2ce7b", size = 24350911, upload-time = "2026-06-19T15:00:40.062Z" },
    { url = "https://files.pythonhosted.org/packages/78/b5/915a19b3de2f7430062b509653563db1633ddbb6f021b06731521115d4e2/scipy-1.18.0-cp314-cp314-macosx_10_15_x86_64.whl", hash = "sha256:4c256ee70c0d1a8a2ace807e199ccd4e3f57037433842abb3fb36bc17eaa9578", size = 31036253, upload-time = "2026-06-19T15:00:43.216Z" },
    { url = "https://files.pythonhosted.org/packages/d7/88/b72def7262e150d16be13fca37a96481138d624e700340bc3362a7588929/scipy-1.18.0-cp314-cp314-macosx_12_0_arm64.whl", hash = "sha256:2ef3abc54a4ffc53765374b0d5728532dfdd2585ed23f6b11c206a1f0b1b9af8", size = 28673758, upload-time = "2026-06-19T15:00:46.663Z" },
    { url = "https://files.pythonhosted.org/packages/91/02/2e636a61a525632c373cf6a9c24442a3ffb79e364d38e98b32042964ac32/scipy-1.18.0-cp314-cp314-macosx_14_0_arm64.whl", hash = "sha256:f2a6af57bd9e4a75d70e4117e78a1bbee84f79ae3fbb6d0111005d6ebcc4cb8d", size = 20415514, upload-time = "2026-06-19T15:00:49.399Z" },
    { url = "https://files.pythonhosted.org/packages/c9/b6/2135974442f6aba159d9d39d774a1c8cb19947016725d69fecc685df45bf/scipy-1.18.0-cp314-cp314-macosx_14_0_x86_64.whl", hash = "sha256:3f1ac564d3bf6c03d861d2cd87a1bea0da2887136f7fb1bf519c05a8971452d6", size = 23034398, upload-time = "2026-06-19T15:00:51.941Z" },
    { url = "https://files.pythonhosted.org/packages/f6/e6/ba89ec5abf6ee9257c0d1ec985573f3ae32742c24bc03e016388a40b1b15/scipy-1.18.0-cp314-cp314-manylinux_2_27_aarch64.manylinux_2_28_aarch64.whl", hash = "sha256:40395a5fcd1abee49a5c7aaa98c29db393eedc835138560a588c47ec16156690", size = 33998032, upload-time = "2026-06-19T15:00:54.838Z" },
    { url = "https://files.pythonhosted.org/packages/7f/c4/bc41eb19b0fd0db868f4132920879019318d80cc522ad8f2bca4611af808/scipy-1.18.0-cp314-cp314-manylinux_2_27_x86_64.manylinux_2_28_x86_64.whl", hash = "sha256:8ca01e8ae69f1b18e9a58d91afead31be3cef0dd905a10249dac559ee15460a0", size = 35283333, upload-time = "2026-06-19T15:00:58.152Z" },
    { url = "https://files.pythonhosted.org/packages/53/a4/cbdeef6eb3830a8462a9d4ada814de5fc984345cc9ecf17cbec51a036f1e/scipy-1.18.0-cp314-cp314-musllinux_1_2_aarch64.whl", hash = "sha256:7a7f3b01647384dbc3a711e8c6778e0aabbe93959249fef5c7393396bcac0867", size = 35610216, upload-time = "2026-06-19T15:01:01.155Z" },
    { url = "https://files.pythonhosted.org/packages/80/4d/b2b82502b65f661d1b789c1665dcdf315d5f12194e06fc0b37946294ebae/scipy-1.18.0-cp314-cp314-musllinux_1_2_x86_64.whl", hash = "sha256:6aa94e78ec192a30063a5e72e561c28af769dc311190b24fe91774eff1969709", size = 37418960, upload-time = "2026-06-19T15:01:04.155Z" },
    { url = "https://files.pythonhosted.org/packages/93/3e/902d836831474b0ab5a37d16404f7bc5fafd9efba632890e271ba952635f/scipy-1.18.0-cp314-cp314-win_amd64.whl", hash = "sha256:2d8bbdc6c817f5b4006a54d799d4f5bab6f910193cbb9a1ff310833d4d270f61", size = 37288845, upload-time = "2026-06-19T15:01:07.822Z" },
    { url = "https://files.pythonhosted.org/packages/b6/43/8d73b337a3bdb14daa0314f0434210747c02d79d729ce1777574a817dcf6/scipy-1.18.0-cp314-cp314-win_arm64.whl", hash = "sha256:18e9575f1569b2c54174e6159d32942e03731177f63dce7975f0a0c88d102f5b", size = 24988971, upload-time = "2026-06-19T15:01:11.076Z" },
    { url = "https://files.pythonhosted.org/packages/b4/b4/f11918b0508a2787031a0499a03fbe3546f3bb5ca05d01038c45b278c09a/scipy-1.18.0-cp314-cp314t-macosx_10_15_x86_64.whl", hash = "sha256:f351e0dd702687d12a402b867a1b4146a256923e1c38317cbc472f6372b94707", size = 31399325, upload-time = "2026-06-19T15:01:13.723Z" },
    { url = "https://files.pythonhosted.org/packages/7b/d1/1f287b57c0ff0ee5185dff3946d92c8017d39b0e431f0ae79a3ff1859512/scipy-1.18.0-cp314-cp314t-macosx_12_0_arm64.whl", hash = "sha256:7c7a51b33ce387193c97f228320cf8e87361daa1bba750638677729598b3e677", size = 29092110, upload-time = "2026-06-19T15:01:16.908Z" },
    { url = "https://files.pythonhosted.org/packages/ff/1a/7b74eb6c392fdcb27d414c0e7558a6d0231eb3b6d73571f479bb81ea8794/scipy-1.18.0-cp314-cp314t-macosx_14_0_arm64.whl", hash = "sha256:84031d7b052a54fae2f8632e0ec802073d385476eb9a63079bce6e23ef9283d4", size = 20833811, upload-time = "2026-06-19T15:01:20.488Z" },
    { url = "https://files.pythonhosted.org/packages/7c/ad/f3941716320a7b9cb4d68734a903b45fe16eff5fb7da7e16f2e619304979/scipy-1.18.0-cp314-cp314t-macosx_14_0_x86_64.whl", hash = "sha256:56abf29a7c067dde59be8b9a22d606a4ea1b2f2a4b756d9d903c62818f5dacce", size = 23396644, upload-time = "2026-06-19T15:01:23.364Z" },
    { url = "https://files.pythonhosted.org/packages/22/22/1446b62ffe07f9719b7d9b1b6a4e05a772833ae8f441fe4c22c34c9b250f/scipy-1.18.0-cp314-cp314t-manylinux_2_27_aarch64.manylinux_2_28_aarch64.whl", hash = "sha256:1ad44305cfa24b1ba5803cbbebf033590ccbac1aa5d612d727b785325ab408b0", size = 34079318, upload-time = "2026-06-19T15:01:26.002Z" },
    { url = "https://files.pythonhosted.org/packages/56/3b/b87da667098bb470fa30c7011b0ba351ee976dd395c78798c66e941665a3/scipy-1.18.0-cp314-cp314t-manylinux_2_27_x86_64.manylinux_2_28_x86_64.whl", hash = "sha256:945c1761b93f38d7f99ae81ae80c63e621471608c7eeead563f6df025585cd58", size = 35324320, upload-time = "2026-06-19T15:01:28.881Z" },
    { url = "https://files.pythonhosted.org/packages/f8/a1/c7932f91909759b0267f75fdea34e91309f96b895757534b76a90b6b4344/scipy-1.18.0-cp314-cp314t-musllinux_1_2_aarch64.whl", hash = "sha256:1a4441f15d620578772a49e5ab48c0ee1f7a0220e387110283062729136b2553", size = 35699541, upload-time = "2026-06-19T15:01:31.968Z" },
    { url = "https://files.pythonhosted.org/packages/f7/86/5185061a1fcc41d18c5dc2463969b3a3964b31d9ac67b2fb05d4c7ff7670/scipy-1.18.0-cp314-cp314t-musllinux_1_2_x86_64.whl", hash = "sha256:9aac6192fac56bf2ca534389d24623f07b39ff83317d58287285e7fbd622ff76", size = 37472480, upload-time = "2026-06-19T15:01:35.136Z" },
    { url = "https://files.pythonhosted.org/packages/31/8e/f04c68e39919a010d34f2ee1367fd705b0a25a02f609d755f0bfbc0a15fc/scipy-1.18.0-cp314-cp314t-win_amd64.whl", hash = "sha256:e40baea28ae7f5475c779741e2d90b1247c78531207b49c7030e698ff81cee3f", size = 37365390, upload-time = "2026-06-19T15:01:38.091Z" },
    { url = "https://files.pythonhosted.org/packages/d5/19/969dc072906c84dd0a3b05dcf57ea750936087d7873549e408b35cfc3f97/scipy-1.18.0-cp314-cp314t-win_arm64.whl", hash = "sha256:368e0a705903c466aa5f08eefb39e6b1b6b2d659e7352a31fd9e2438365be0f8", size = 25279661, upload-time = "2026-06-19T15:01:40.817Z" },
]

[[package]]
name = "scraper"
version = "0.1.0"
source = { virtual = "." }
dependencies = [
    { name = "beautifulsoup4" },
    { name = "httpx" },
    { name = "numpy" },
    { name = "scikit-learn" },
    { name = "selectolax" },
]

[package.metadata]
requires-dist = [
    { name = "beautifulsoup4", specifier = ">=4.15.0" },
    { name = "httpx", specifier = ">=0.28.1" },
    { name = "numpy", specifier = ">=2.5.0" },
    { name = "scikit-learn", specifier = ">=1.9.0" },
    { name = "selectolax", specifier = ">=0.4.10" },
]

[[package]]
name = "selectolax"
version = "0.4.10"
source = { registry = "https://pypi.org/simple" }
sdist = { url = "https://files.pythonhosted.org/packages/47/df/d19f9b47eb6c1aa0ddf95259c757c018c39682facb569e81c23e173bbf35/selectolax-0.4.10.tar.gz", hash = "sha256:89764b4d1e32d38e635dfb270a639fc707af4315b863fd161357a517321e5046", size = 4880217, upload-time = "2026-05-26T15:43:06.411Z" }
wheels = [
    { url = "https://files.pythonhosted.org/packages/37/88/f932da5e018dcec1fa4286414db4798afdd244fbf95a46ac79db018318e1/selectolax-0.4.10-cp313-cp313-macosx_10_13_x86_64.whl", hash = "sha256:3236fc0fbea9e237ee963274ebae700e68b9d6784bf91e0b3693eda63b393fa2", size = 2241128, upload-time = "2026-05-26T15:42:08.34Z" },
    { url = "https://files.pythonhosted.org/packages/9a/10/0a2caaceda0c6cf226fe5e43f6d7b9134207cf61642bed651712c7599646/selectolax-0.4.10-cp313-cp313-macosx_11_0_arm64.whl", hash = "sha256:b43da45acece07f94e4b0d555e073f1a91314c98cb86d10860a1b291bc498976", size = 2291992, upload-time = "2026-05-26T15:42:09.723Z" },
    { url = "https://files.pythonhosted.org/packages/fb/d5/687dfb8c09110a5986a4f3f8e424b61c0f71716c5784077b76f02e4e81d7/selectolax-0.4.10-cp313-cp313-manylinux2014_aarch64.manylinux_2_17_aarch64.manylinux_2_28_aarch64.whl", hash = "sha256:a5c80477a3a93f0ee350d832c6fc764cd2df1299914a816bcd5ed4f0c9701b9b", size = 2374518, upload-time = "2026-05-26T15:42:11.201Z" },
    { url = "https://files.pythonhosted.org/packages/64/44/ac6011d2785f643baf3be4b8910e657e71427d37e41a15a513274b794425/selectolax-0.4.10-cp313-cp313-manylinux2014_x86_64.manylinux_2_17_x86_64.manylinux_2_28_x86_64.whl", hash = "sha256:16055f712bd93507ce61ecac156bb7acf96b2e46c4d4d30c616e810f74f4da6e", size = 2421458, upload-time = "2026-05-26T15:42:12.656Z" },
    { url = "https://files.pythonhosted.org/packages/e6/fa/0cd29c8a629fe890a53ef2db9cf9282dffad9f4d0cf9a41553a87058f82c/selectolax-0.4.10-cp313-cp313-musllinux_1_2_aarch64.whl", hash = "sha256:d42566a7e649d4e5461e763a241f46542df2613876422e0530bc59999063f36d", size = 2378999, upload-time = "2026-05-26T15:42:14.011Z" },
    { url = "https://files.pythonhosted.org/packages/fd/d0/3f9ba04dba314c2f3237aca73e5b6c9578d693297bc0c91b2224d48b2455/selectolax-0.4.10-cp313-cp313-musllinux_1_2_x86_64.whl", hash = "sha256:6517b40e41ae5cc7756f92d88c59f178eb4a3683c7ce39c66bd5617587f628e5", size = 2441425, upload-time = "2026-05-26T15:42:15.66Z" },
    { url = "https://files.pythonhosted.org/packages/34/f3/83e49b1b8dd68d4844a85930a6d68cbf14636be222cda03229833b8326be/selectolax-0.4.10-cp313-cp313-win32.whl", hash = "sha256:7c596b424c55ae87003140f55e6aa6f88e060b645781fa69e947ef60691b2bde", size = 1763466, upload-time = "2026-05-26T15:42:17.674Z" },
    { url = "https://files.pythonhosted.org/packages/16/6b/e77507d5aa7d5724c94333fa229694e108c0a4ca88a1c39ea9ae9ed7afc3/selectolax-0.4.10-cp313-cp313-win_amd64.whl", hash = "sha256:1bb589f6ed0f1ec28784c2cd29de111a5b6f8129c3ecf0e71b9665e588667b97", size = 1861934, upload-time = "2026-05-26T15:42:19.194Z" },
    { url = "https://files.pythonhosted.org/packages/23/69/7e31bb9427fee2d7506d20da60257ec3f72c278c176dbf47b7e0c494d521/selectolax-0.4.10-cp313-cp313-win_arm64.whl", hash = "sha256:ec333fe02c4b7d8a03c0aa58c7c2265edd3312b1ef309f03efd020f595f6dae1", size = 1810021, upload-time = "2026-05-26T15:42:21.185Z" },
    { url = "https://files.pythonhosted.org/packages/5f/21/e48766fb5f921d4a84456a87135a0605d72678753b912be3fd25344f104d/selectolax-0.4.10-cp314-cp314-macosx_10_13_x86_64.whl", hash = "sha256:a95f67ed9d5947562e9268332cc7165660c7db0cd3faea959e13b6901b4d323f", size = 2256784, upload-time = "2026-05-26T15:42:22.946Z" },
    { url = "https://files.pythonhosted.org/packages/df/a5/121f398a2ff01a5947b5601ed16f99e29771dbc21b23b18c8f4527f99a40/selectolax-0.4.10-cp314-cp314-macosx_11_0_arm64.whl", hash = "sha256:01c1354b158f8c87b72ab50a12b4b6d7b276150ded39210d1078d65d1e24ae0d", size = 2308754, upload-time = "2026-05-26T15:42:24.897Z" },
    { url = "https://files.pythonhosted.org/packages/5b/65/3cef0d30585e22c808bc09848e318ccf30b3d00a9123e66ec3d5eb5e5899/selectolax-0.4.10-cp314-cp314-manylinux2014_aarch64.manylinux_2_17_aarch64.manylinux_2_28_aarch64.whl", hash = "sha256:d60cabbf1899916a6389fa36f2908b1a76e00dd044f710ae3dd2d0b14919dfc7", size = 2374320, upload-time = "2026-05-26T15:42:26.771Z" },
    { url = "https://files.pythonhosted.org/packages/4c/63/99e3598c137d638ff67aba0b53d99649e560c04230c838776328be98fd64/selectolax-0.4.10-cp314-cp314-manylinux2014_x86_64.manylinux_2_17_x86_64.manylinux_2_28_x86_64.whl", hash = "sha256:ab8f95b196b2dfb2be3ea7274673d45bb251ec2e16a0e7a3c1fc21c1c20d0722", size = 2420463, upload-time = "2026-05-26T15:42:28.328Z" },
    { url = "https://files.pythonhosted.org/packages/b3/a9/c17ed28a06b6f9214845719c8fd73edfa21013cd03da31ce9a2d83951259/selectolax-0.4.10-cp314-cp314-musllinux_1_2_aarch64.whl", hash = "sha256:a96d59ba2a8ba01e4f732913816f5684d30d0646b7cd0fa17377fc9d1032cc0d", size = 2395397, upload-time = "2026-05-26T15:42:29.774Z" },
    { url = "https://files.pythonhosted.org/packages/14/60/b1bd8724aa041b233a32d9eba3135fd7d4f285b1f216c39b5ba7263680d4/selectolax-0.4.10-cp314-cp314-musllinux_1_2_x86_64.whl", hash = "sha256:794a10f0c2cb9662ad85c5a970a72ca072057d68f7f0b3cf7b3230e5f2a8f221", size = 2458486, upload-time = "2026-05-26T15:42:31.592Z" },
    { url = "https://files.pythonhosted.org/packages/04/7d/a964ceb566a6042170bbb42bd4f22117a13afe15db285c0ab858477c5963/selectolax-0.4.10-cp314-cp314-win32.whl", hash = "sha256:5d5b5437ce7548e7bc0b7712114de07dd0e4f94a30b06c968a6344148621df50", size = 1875157, upload-time = "2026-05-26T15:42:32.959Z" },
    { url = "https://files.pythonhosted.org/packages/7b/e1/0a1f9004a48d1229d90ea42efcd9093688c3afc852c2d122245c499e5821/selectolax-0.4.10-cp314-cp314-win_amd64.whl", hash = "sha256:ab07fc342cf477c0320d22fac52917b824871caf5ab177a0fd94377a901ab657", size = 1970092, upload-time = "2026-05-26T15:42:34.325Z" },
    { url = "https://files.pythonhosted.org/packages/f4/71/1a1d8196ffa9fc84c64a66294ef1ecdbb9951c7a04b9bb6c6d224d776712/selectolax-0.4.10-cp314-cp314-win_arm64.whl", hash = "sha256:8b57c64690e3c86b5d07386e2e598f4d3b4990144b1d5717db7038d0b675a97e", size = 1920951, upload-time = "2026-05-26T15:42:35.627Z" },
    { url = "https://files.pythonhosted.org/packages/0a/9b/74df013d85601d21c5e79682576ead17abe660ffce39a6fb7c300494f829/selectolax-0.4.10-cp314-cp314t-macosx_10_13_x86_64.whl", hash = "sha256:3c21749e3d252419581160f3a3e43c1ad95dd0f83a13fe0d8c8fe6256bf7bbe6", size = 2272452, upload-time = "2026-05-26T15:42:37.379Z" },
    { url = "https://files.pythonhosted.org/packages/9f/a4/c4f94d1ae0d3da58a3dc410d0c59a8e37429c74b38287a2ab0ed0480123d/selectolax-0.4.10-cp314-cp314t-macosx_11_0_arm64.whl", hash = "sha256:88475ef523fe5426d113e8319eeb741806a51cc025840f337661734c65cf1aa4", size = 2318066, upload-time = "2026-05-26T15:42:39.203Z" },
    { url = "https://files.pythonhosted.org/packages/b5/9e/f977b33c18e8957fca9fcbdf445e5501a7dd1afd57b3fc15d07de249e6fc/selectolax-0.4.10-cp314-cp314t-manylinux2014_aarch64.manylinux_2_17_aarch64.manylinux_2_28_aarch64.whl", hash = "sha256:40ecd0ff315dffa4a55840107367b0a54f2cd35be66e700c619364e0cd087ace", size = 2379516, upload-time = "2026-05-26T15:42:40.8Z" },
    { url = "https://files.pythonhosted.org/packages/43/4a/3f086f729dd47423719e5101f64342bd637e4420b0dafb3e5df61a9b37c8/selectolax-0.4.10-cp314-cp314t-manylinux2014_x86_64.manylinux_2_17_x86_64.manylinux_2_28_x86_64.whl", hash = "sha256:b3d199a73894368b83e5d744f64bddf80c22a37c160253a8e81c1a6000be607b", size = 2430207, upload-time = "2026-05-26T15:42:42.751Z" },
    { url = "https://files.pythonhosted.org/packages/84/9d/51a5283bb95c679448bc5d3e1da9a00ebd5e3ad983e2247d1a1190ef3ba6/selectolax-0.4.10-cp314-cp314t-musllinux_1_2_aarch64.whl", hash = "sha256:4b0e1ad8b3d3d11bc173d33bb0fcf9d3ef8c667f1f3debd31ac8e9e3880ee174", size = 2404374, upload-time = "2026-05-26T15:42:44.835Z" },
    { url = "https://files.pythonhosted.org/packages/b4/2b/39cc5599b5531423a4eb68510a395baf8ce8ba9c3655dd86e7b4bc6140ba/selectolax-0.4.10-cp314-cp314t-musllinux_1_2_x86_64.whl", hash = "sha256:373298d5c2e22a73740ba8f60a5813fd6bdb8fa2c0fd170841341ad0119bdf6b", size = 2466741, upload-time = "2026-05-26T15:42:46.492Z" },
    { url = "https://files.pythonhosted.org/packages/fb/7f/b20bb6b03b5cf8e9ff6d524796942291d9157ccfcdbf6bcc5fc322fd2d2b/selectolax-0.4.10-cp314-cp314t-win32.whl", hash = "sha256:67f826152635521e1751665e315f3be82d027fe79d6446bf8434e0f7069e55db", size = 1923995, upload-time = "2026-05-26T15:42:48.041Z" },
    { url = "https://files.pythonhosted.org/packages/5b/e5/8fbe188c6c2aa41e10bd83b46e0498b60ed36584f9ce0a7796ca7f7cd34e/selectolax-0.4.10-cp314-cp314t-win_amd64.whl", hash = "sha256:9c4c9afbd28b81892806e9699ecd323656e1eff7318c1245e80cd6bb78566a99", size = 2039696, upload-time = "2026-05-26T15:42:49.456Z" },
    { url = "https://files.pythonhosted.org/packages/1b/02/e511474facfd324529509626097f981986b7adc935fb4eb436c0812c540f/selectolax-0.4.10-cp314-cp314t-win_arm64.whl", hash = "sha256:68e1ef717b47f5cdcd1b151b2176d7184c38cb3772f8964509979840575203ef", size = 1944297, upload-time = "2026-05-26T15:42:50.906Z" },
]

[[package]]
name = "soupsieve"
version = "2.8.4"
source = { registry = "https://pypi.org/simple" }
sdist = { url = "https://files.pythonhosted.org/packages/47/2c/0a5f6f8ee0d5589e48c7640213ed5175d52cf540a06725b628cc1a45d6ce/soupsieve-2.8.4.tar.gz", hash = "sha256:e121fd02e975c695e4e9e8774a5ee35d74714b59307868dcc5319ad2d9e3328e", size = 121110, upload-time = "2026-05-24T13:55:57.154Z" }
wheels = [
    { url = "https://files.pythonhosted.org/packages/5e/f5/0c41cb68dcae6b7de4fac4188a3a9589e21fb31df21ea3a2e888db95e6c9/soupsieve-2.8.4-py3-none-any.whl", hash = "sha256:e7e6b0769c8f51ed59acab6e994b00621096cfb1c640a7509295987388fbaf65", size = 37304, upload-time = "2026-05-24T13:55:55.406Z" },
]

[[package]]
name = "threadpoolctl"
version = "3.6.0"
source = { registry = "https://pypi.org/simple" }
sdist = { url = "https://files.pythonhosted.org/packages/b7/4d/08c89e34946fce2aec4fbb45c9016efd5f4d7f24af8e5d93296e935631d8/threadpoolctl-3.6.0.tar.gz", hash = "sha256:8ab8b4aa3491d812b623328249fab5302a68d2d71745c8a4c719a2fcaba9f44e", size = 21274, upload-time = "2025-03-13T13:49:23.031Z" }
wheels = [
    { url = "https://files.pythonhosted.org/packages/32/d5/f9a850d79b0851d1d4ef6456097579a9005b31fea68726a4ae5f2d82ddd9/threadpoolctl-3.6.0-py3-none-any.whl", hash = "sha256:43a0b8fd5a2928500110039e43a5eed8480b918967083ea48dc3ab9f13c4a7fb", size = 18638, upload-time = "2025-03-13T13:49:21.846Z" },
]

[[package]]
name = "typing-extensions"
version = "4.15.0"
source = { registry = "https://pypi.org/simple" }
sdist = { url = "https://files.pythonhosted.org/packages/72/94/1a15dd82efb362ac84269196e94cf00f187f7ed21c242792a923cdb1c61f/typing_extensions-4.15.0.tar.gz", hash = "sha256:0cea48d173cc12fa28ecabc3b837ea3cf6f38c6d1136f85cbaaf598984861466", size = 109391, upload-time = "2025-08-25T13:49:26.313Z" }
wheels = [
    { url = "https://files.pythonhosted.org/packages/18/67/36e9267722cc04a6b9f15c7f3441c2363321a3ea07da7ae0c0707beb2a9c/typing_extensions-4.15.0-py3-none-any.whl", hash = "sha256:f0fa19c6845758ab08074a0cfa8b7aecb71c999ca73d62883bc25cc018c4e548", size = 44614, upload-time = "2025-08-25T13:49:24.86Z" },
]
